
Microsoft Visual Studio Solution File, Format Version 12.00
# Visual Studio 15
VisualStudioVersion = 15.0.27703.2035
MinimumVisualStudioVersion = 10.0.40219.1
Project("{8BC9CEB8-8B4A-11D0-8D11-00A0C91BC942}") = "HelloMsg", "HelloMsg\HelloMsg.c.vcxproj", "{85181A06-EF9C-4844-AA0A-D2287CDCCBB6}"
EndProject
Project("{8BC9CEB8-8B4A-11D0-8D11-00A0C91BC942}") = "ScrnSize", "ScrnSize\ScrnSize.vcxproj", "{F542C158-8F02-4CFD-85D7-99CBB2AF014C}"
EndProject
Project("{8BC9CEB8-8B4A-11D0-8D11-00A0C91BC942}") = "HelloWin", "HelloWin\HelloWin.vcxproj", "{2E71BBDF-93F9-4FEF-9B1E-8AB684EBAD7F}"
EndProject
Project("{8BC9CEB8-8B4A-11D0-8D11-00A0C91BC942}") = "SysMets", "SysMets\SysMets.vcxproj", "{81B5E4B6-6BF6-4779-BB73-44B5E4498C58}"
EndProject
Project("{8BC9CEB8-8B4A-11D0-8D11-00A0C91BC942}") = "SysMetsScroll", "SysMetsScroll\SysMetsScroll.vcxproj", "{0685FD39-A6F1-4F1B-8730-45244257F4DC}"
EndProject
Project("{8BC9CEB8-8B4A-11D0-8D11-00A0C91BC942}") = "SysMetsGoodScroll", "SysMetsGoodScroll\SysMetsGoodScroll.vcxproj", "{39EADF31-89DC-428B-BF4B-AA2255E752A6}"
EndProject
Global
	GlobalSection(SolutionConfigurationPlatforms) = preSolution
		Debug|x64 = Debug|x64
		Debug|x86 = Debug|x86
		Release|x64 = Release|x64
		Release|x86 = Release|x86
	EndGlobalSection
	GlobalSection(ProjectConfigurationPlatforms) = postSolution
		{85181A06-EF9C-4844-AA0A-D2287CDCCBB6}.Debug|x64.ActiveCfg = Debug|x64
		{85181A06-EF9C-4844-AA0A-D2287CDCCBB6}.Debug|x64.Build.0 = Debug|x64
		{85181A06-EF9C-4844-AA0A-D2287CDCCBB6}.Debug|x86.ActiveCfg = Debug|Win32
		{85181A06-EF9C-4844-AA0A-D2287CDCCBB6}.Debug|x86.Build.0 = Debug|Win32
		{85181A06-EF9C-4844-AA0A-D2287CDCCBB6}.Release|x64.ActiveCfg = Release|x64
		{85181A06-EF9C-4844-AA0A-D2287CDCCBB6}.Release|x64.Build.0 = Release|x64
		{85181A06-EF9C-4844-AA0A-D2287CDCCBB6}.Release|x86.ActiveCfg = Release|Win32
		{85181A06-EF9C-4844-AA0A-D2287CDCCBB6}.Release|x86.Build.0 = Release|Win32
		{F542C158-8F02-4CFD-85D7-99CBB2AF014C}.Debug|x64.ActiveCfg = Debug|x64
		{F542C158-8F02-4CFD-85D7-99CBB2AF014C}.Debug|x64.Build.0 = Debug|x64
		{F542C158-8F02-4CFD-85D7-99CBB2AF014C}.Debug|x86.ActiveCfg = Debug|Win32
		{F542C158-8F02-4CFD-85D7-99CBB2AF014C}.Debug|x86.Build.0 = Debug|Win32
		{F542C158-8F02-4CFD-85D7-99CBB2AF014C}.Release|x64.ActiveCfg = Release|x64
		{F542C158-8F02-4CFD-85D7-99CBB2AF014C}.Release|x64.Build.0 = Release|x64
		{F542C158-8F02-4CFD-85D7-99CBB2AF014C}.Release|x86.ActiveCfg = Release|Win32
		{F542C158-8F02-4CFD-85D7-99CBB2AF014C}.Release|x86.Build.0 = Release|Win32
		{2E71BBDF-93F9-4FEF-9B1E-8AB684EBAD7F}.Debug|x64.ActiveCfg = Debug|x64
		{2E71BBDF-93F9-4FEF-9B1E-8AB684EBAD7F}.Debug|x64.Build.0 = Debug|x64
		{2E71BBDF-93F9-4FEF-9B1E-8AB684EBAD7F}.Debug|x86.ActiveCfg = Debug|Win32
		{2E71BBDF-93F9-4FEF-9B1E-8AB684EBAD7F}.Debug|x86.Build.0 = Debug|Win32
		{2E71BBDF-93F9-4FEF-9B1E-8AB684EBAD7F}.Release|x64.ActiveCfg = Release|x64
		{2E71BBDF-93F9-4FEF-9B1E-8AB684EBAD7F}.Release|x64.Build.0 = Release|x64
		{2E71BBDF-93F9-4FEF-9B1E-8AB684EBAD7F}.Release|x86.ActiveCfg = Release|Win32
		{2E71BBDF-93F9-4FEF-9B1E-8AB684EBAD7F}.Release|x86.Build.0 = Release|Win32
		{81B5E4B6-6BF6-4779-BB73-44B5E4498C58}.Debug|x64.ActiveCfg = Debug|x64
		{81B5E4B6-6BF6-4779-BB73-44B5E4498C58}.Debug|x64.Build.0 = Debug|x64
		{81B5E4B6-6BF6-4779-BB73-44B5E4498C58}.Debug|x86.ActiveCfg = Debug|Win32
		{81B5E4B6-6BF6-4779-BB73-44B5E4498C58}.Debug|x86.Build.0 = Debug|Win32
		{81B5E4B6-6BF6-4779-BB73-44B5E4498C58}.Release|x64.ActiveCfg = Release|x64
		{81B5E4B6-6BF6-4779-BB73-44B5E4498C58}.Release|x64.Build.0 = Release|x64
		{81B5E4B6-6BF6-4779-BB73-44B5E4498C58}.Release|x86.ActiveCfg = Release|Win32
		{81B5E4B6-6BF6-4779-BB73-44B5E4498C58}.Release|x86.Build.0 = Release|Win32
		{0685FD39-A6F1-4F1B-8730-45244257F4DC}.Debug|x64.ActiveCfg = Debug|x64
		{0685FD39-A6F1-4F1B-8730-45244257F4DC}.Debug|x64.Build.0 = Debug|x64
		{0685FD39-A6F1-4F1B-8730-45244257F4DC}.Debug|x86.ActiveCfg = Debug|Win32
		{0685FD39-A6F1-4F1B-8730-45244257F4DC}.Debug|x86.Build.0 = Debug|Win32
		{0685FD39-A6F1-4F1B-8730-45244257F4DC}.Release|x64.ActiveCfg = Release|x64
		{0685FD39-A6F1-4F1B-8730-45244257F4DC}.Release|x64.Build.0 = Release|x64
		{0685FD39-A6F1-4F1B-8730-45244257F4DC}.Release|x86.ActiveCfg = Release|Win32
		{0685FD39-A6F1-4F1B-8730-45244257F4DC}.Release|x86.Build.0 = Release|Win32
		{39EADF31-89DC-428B-BF4B-AA2255E752A6}.Debug|x64.ActiveCfg = Debug|x64
		{39EADF31-89DC-428B-BF4B-AA2255E752A6}.Debug|x64.Build.0 = Debug|x64
		{39EADF31-89DC-428B-BF4B-AA2255E752A6}.Debug|x86.ActiveCfg = Debug|Win32
		{39EADF31-89DC-428B-BF4B-AA2255E752A6}.Debug|x86.Build.0 = Debug|Win32
		{39EADF31-89DC-428B-BF4B-AA2255E752A6}.Release|x64.ActiveCfg = Release|x64
		{39EADF31-89DC-428B-BF4B-AA2255E752A6}.Release|x64.Build.0 = Release|x64
		{39EADF31-89DC-428B-BF4B-AA2255E752A6}.Release|x86.ActiveCfg = Release|Win32
		{39EADF31-89DC-428B-BF4B-AA2255E752A6}.Release|x86.Build.0 = Release|Win32
	EndGlobalSection
	GlobalSection(SolutionProperties) = preSolution
		HideSolutionNode = FALSE
	EndGlobalSection
	GlobalSection(ExtensibilityGlobals) = postSolution
		SolutionGuid = {22582B4C-073A-40DA-B2D5-7FC2BBA52BB6}
	EndGlobalSection
EndGlobal
